<?xml version="1.0" encoding="utf-8"?>
<Project ToolsVersion="14.0" xmlns="http://schemas.microsoft.com/developer/msbuild/2003">
  <ItemGroup>
    <CudaCompile Include="..\modules\darknet\src\maxpool_layer_kernels.cu">
      <Filter>cuda</Filter>
    </CudaCompile>
    <CudaCompile Include="..\modules\darknet\src\network_kernels.cu">
      <Filter>cuda</Filter>
    </CudaCompile>
    <CudaCompile Include="..\modules\darknet\src\im2col_kernels.cu">
      <Filter>cuda</Filter>
    </CudaCompile>
    <CudaCompile Include="..\modules\darknet\src\activation_kernels.cu">
      <Filter>cuda</Filter>
    </CudaCompile>
    <CudaCompile Include="..\modules\darknet\src\avgpool_layer_kernels.cu">
      <Filter>cuda</Filter>
    </CudaCompile>
    <CudaCompile Include="..\modules\darknet\src\blas_kernels.cu">
      <Filter>cuda</Filter>
    </CudaCompile>
    <CudaCompile Include="..\modules\darknet\src\col2im_kernels.cu">
      <Filter>cuda</Filter>
    </CudaCompile>
    <CudaCompile Include="..\modules\darknet\src\convolutional_kernels.cu">
      <Filter>cuda</Filter>
    </CudaCompile>
    <CudaCompile Include="..\modules\darknet\src\crop_layer_kernels.cu">
      <Filter>cuda</Filter>
    </CudaCompile>
    <CudaCompile Include="..\modules\darknet\src\deconvolutional_kernels.cu">
      <Filter>cuda</Filter>
    </CudaCompile>
    <CudaCompile Include="..\modules\darknet\src\dropout_layer_kernels.cu">
      <Filter>cuda</Filter>
    </CudaCompile>
  </ItemGroup>
  <ItemGroup>
    <ClCompile Include="..\modules\darknet\src\activation_layer.c">
      <Filter>lib</Filter>
    </ClCompile>
    <ClCompile Include="..\modules\darknet\src\activations.c">
      <Filter>lib</Filter>
    </ClCompile>
    <ClCompile Include="..\modules\darknet\src\avgpool_layer.c">
      <Filter>lib</Filter>
    </ClCompile>
    <ClCompile Include="..\modules\darknet\src\batchnorm_layer.c">
      <Filter>lib</Filter>
    </ClCompile>
    <ClCompile Include="..\modules\darknet\src\blas.c">
      <Filter>lib</Filter>
    </ClCompile>
    <ClCompile Include="..\modules\darknet\src\box.c">
      <Filter>lib</Filter>
    </ClCompile>
    <ClCompile Include="..\modules\darknet\src\col2im.c">
      <Filter>lib</Filter>
    </ClCompile>
    <ClCompile Include="..\modules\darknet\src\connected_layer.c">
      <Filter>lib</Filter>
    </ClCompile>
    <ClCompile Include="..\modules\darknet\src\convolutional_layer.c">
      <Filter>lib</Filter>
    </ClCompile>
    <ClCompile Include="..\modules\darknet\src\cost_layer.c">
      <Filter>lib</Filter>
    </ClCompile>
    <ClCompile Include="..\modules\darknet\src\cpu_gemm.c">
      <Filter>lib</Filter>
    </ClCompile>
    <ClCompile Include="..\modules\darknet\src\crnn_layer.c">
      <Filter>lib</Filter>
    </ClCompile>
    <ClCompile Include="..\modules\darknet\src\crop_layer.c">
      <Filter>lib</Filter>
    </ClCompile>
    <ClCompile Include="..\modules\darknet\src\data.c">
      <Filter>lib</Filter>
    </ClCompile>
    <ClCompile Include="..\modules\darknet\src\deconvolutional_layer.c">
      <Filter>lib</Filter>
    </ClCompile>
    <ClCompile Include="..\modules\darknet\src\detection_layer.c">
      <Filter>lib</Filter>
    </ClCompile>
    <ClCompile Include="..\modules\darknet\src\dropout_layer.c">
      <Filter>lib</Filter>
    </ClCompile>
    <ClCompile Include="..\modules\darknet\src\gemm.c">
      <Filter>lib</Filter>
    </ClCompile>
    <ClCompile Include="..\modules\darknet\src\getopt.c">
      <Filter>lib</Filter>
    </ClCompile>
    <ClCompile Include="..\modules\darknet\src\gettimeofday.c">
      <Filter>lib</Filter>
    </ClCompile>
    <ClCompile Include="..\modules\darknet\src\gru_layer.c">
      <Filter>lib</Filter>
    </ClCompile>
    <ClCompile Include="..\modules\darknet\src\im2col.c">
      <Filter>lib</Filter>
    </ClCompile>
    <ClCompile Include="..\modules\darknet\src\image.c">
      <Filter>lib</Filter>
    </ClCompile>
    <ClCompile Include="..\modules\darknet\src\layer.c">
      <Filter>lib</Filter>
    </ClCompile>
    <ClCompile Include="..\modules\darknet\src\list.c">
      <Filter>lib</Filter>
    </ClCompile>
    <ClCompile Include="..\modules\darknet\src\local_layer.c">
      <Filter>lib</Filter>
    </ClCompile>
    <ClCompile Include="..\modules\darknet\src\matrix.c">
      <Filter>lib</Filter>
    </ClCompile>
    <ClCompile Include="..\modules\darknet\src\maxpool_layer.c">
      <Filter>lib</Filter>
    </ClCompile>
    <ClCompile Include="..\modules\darknet\src\network.c">
      <Filter>lib</Filter>
    </ClCompile>
    <ClCompile Include="..\modules\darknet\src\normalization_layer.c">
      <Filter>lib</Filter>
    </ClCompile>
    <ClCompile Include="..\modules\darknet\src\option_list.c">
      <Filter>lib</Filter>
    </ClCompile>
    <ClCompile Include="..\modules\darknet\src\parser.c">
      <Filter>lib</Filter>
    </ClCompile>
    <ClCompile Include="..\modules\darknet\src\region_layer.c">
      <Filter>lib</Filter>
    </ClCompile>
    <ClCompile Include="..\modules\darknet\src\reorg_layer.c">
      <Filter>lib</Filter>
    </ClCompile>
    <ClCompile Include="..\modules\darknet\src\rnn_layer.c">
      <Filter>lib</Filter>
    </ClCompile>
    <ClCompile Include="..\modules\darknet\src\route_layer.c">
      <Filter>lib</Filter>
    </ClCompile>
    <ClCompile Include="..\modules\darknet\src\shortcut_layer.c">
      <Filter>lib</Filter>
    </ClCompile>
    <ClCompile Include="..\modules\darknet\src\softmax_layer.c">
      <Filter>lib</Filter>
    </ClCompile>
    <ClCompile Include="..\modules\darknet\src\tree.c">
      <Filter>lib</Filter>
    </ClCompile>
    <ClCompile Include="..\modules\darknet\src\utils.c">
      <Filter>lib</Filter>
    </ClCompile>
    <ClCompile Include="..\modules\darknet\src\tag.c">
      <Filter>examples</Filter>
    </ClCompile>
    <ClCompile Include="..\modules\darknet\src\super.c">
      <Filter>examples</Filter>
    </ClCompile>
    <ClCompile Include="..\modules\darknet\src\swag.c">
      <Filter>examples</Filter>
    </ClCompile>
    <ClCompile Include="..\modules\darknet\src\voxel.c">
      <Filter>examples</Filter>
    </ClCompile>
    <ClCompile Include="..\modules\darknet\src\writing.c">
      <Filter>examples</Filter>
    </ClCompile>
    <ClCompile Include="..\modules\darknet\src\yolo.c">
      <Filter>examples</Filter>
    </ClCompile>
    <ClCompile Include="..\modules\darknet\src\rnn.c">
      <Filter>examples</Filter>
    </ClCompile>
    <ClCompile Include="..\modules\darknet\src\rnn_vid.c">
      <Filter>examples</Filter>
    </ClCompile>
    <ClCompile Include="..\modules\darknet\src\go.c">
      <Filter>examples</Filter>
    </ClCompile>
    <ClCompile Include="..\modules\darknet\src\darknet.c">
      <Filter>examples</Filter>
    </ClCompile>
    <ClCompile Include="..\modules\darknet\src\coco.c">
      <Filter>examples</Filter>
    </ClCompile>
    <ClCompile Include="..\modules\darknet\src\captcha.c">
      <Filter>examples</Filter>
    </ClCompile>
    <ClCompile Include="..\modules\darknet\src\cifar.c">
      <Filter>examples</Filter>
    </ClCompile>
    <ClCompile Include="..\modules\darknet\src\art.c">
      <Filter>examples</Filter>
    </ClCompile>
    <ClCompile Include="..\modules\darknet\src\nightmare.c">
      <Filter>examples</Filter>
    </ClCompile>
    <ClCompile Include="..\modules\darknet\src\classifier.c">
      <Filter>examples</Filter>
    </ClCompile>
    <ClCompile Include="..\modules\darknet\src\compare.c">
      <Filter>examples</Filter>
    </ClCompile>
    <ClCompile Include="..\modules\darknet\src\detector.c">
      <Filter>examples</Filter>
    </ClCompile>
    <ClCompile Include="..\modules\darknet\src\dice.c">
      <Filter>examples</Filter>
    </ClCompile>
    <ClCompile Include="..\modules\darknet\src\yolo_layer.c">
      <Filter>lib</Filter>
    </ClCompile>
    <ClCompile Include="..\modules\darknet\src\http_stream.cpp">
      <Filter>lib</Filter>
    </ClCompile>
    <ClCompile Include="..\modules\darknet\src\reorg_old_layer.c">
      <Filter>lib</Filter>
    </ClCompile>
    <ClCompile Include="..\modules\darknet\src\upsample_layer.c">
      <Filter>lib</Filter>
    </ClCompile>
    <ClCompile Include="..\modules\darknet\src\demo.c">
      <Filter>examples</Filter>
    </ClCompile>
    <ClCompile Include="..\modules\darknet\src\dark_cuda.c">
      <Filter>cuda</Filter>
    </ClCompile>
    <ClCompile Include="..\modules\darknet\src\image_opencv.cpp">
      <Filter>lib</Filter>
    </ClCompile>
    <ClCompile Include="..\modules\darknet\src\lstm_layer.c">
      <Filter>lib</Filter>
    </ClCompile>
    <ClCompile Include="..\modules\darknet\src\conv_lstm_layer.c">
      <Filter>lib</Filter>
    </ClCompile>
    <ClCompile Include="..\modules\darknet\src\scale_channels_layer.c">
      <Filter>lib</Filter>
    </ClCompile>
    <ClCompile Include="..\modules\darknet\src\gaussian_yolo_layer.c">
      <Filter>lib</Filter>
    </ClCompile>
    <ClCompile Include="..\modules\darknet\src\sam_layer.c">
      <Filter>lib</Filter>
    </ClCompile>
  </ItemGroup>
  <ItemGroup>
    <ClInclude Include="..\modules\darknet\src\activation_layer.h">
      <Filter>lib</Filter>
    </ClInclude>
    <ClInclude Include="..\modules\darknet\src\activations.h">
      <Filter>lib</Filter>
    </ClInclude>
    <ClInclude Include="..\modules\darknet\src\avgpool_layer.h">
      <Filter>lib</Filter>
    </ClInclude>
    <ClInclude Include="..\modules\darknet\src\batchnorm_layer.h">
      <Filter>lib</Filter>
    </ClInclude>
    <ClInclude Include="..\modules\darknet\src\blas.h">
      <Filter>lib</Filter>
    </ClInclude>
    <ClInclude Include="..\modules\darknet\src\box.h">
      <Filter>lib</Filter>
    </ClInclude>
    <ClInclude Include="..\modules\darknet\src\col2im.h">
      <Filter>lib</Filter>
    </ClInclude>
    <ClInclude Include="..\modules\darknet\src\connected_layer.h">
      <Filter>lib</Filter>
    </ClInclude>
    <ClInclude Include="..\modules\darknet\src\convolutional_layer.h">
      <Filter>lib</Filter>
    </ClInclude>
    <ClInclude Include="..\modules\darknet\src\cost_layer.h">
      <Filter>lib</Filter>
    </ClInclude>
    <ClInclude Include="..\modules\darknet\src\crnn_layer.h">
      <Filter>lib</Filter>
    </ClInclude>
    <ClInclude Include="..\modules\darknet\src\crop_layer.h">
      <Filter>lib</Filter>
    </ClInclude>
    <ClInclude Include="..\modules\darknet\src\data.h">
      <Filter>lib</Filter>
    </ClInclude>
    <ClInclude Include="..\modules\darknet\src\deconvolutional_layer.h">
      <Filter>lib</Filter>
    </ClInclude>
    <ClInclude Include="..\modules\darknet\src\detection_layer.h">
      <Filter>lib</Filter>
    </ClInclude>
    <ClInclude Include="..\modules\darknet\src\dropout_layer.h">
      <Filter>lib</Filter>
    </ClInclude>
    <ClInclude Include="..\modules\darknet\src\gemm.h">
      <Filter>lib</Filter>
    </ClInclude>
    <ClInclude Include="..\modules\darknet\src\getopt.h">
      <Filter>lib</Filter>
    </ClInclude>
    <ClInclude Include="..\modules\darknet\src\gettimeofday.h">
      <Filter>lib</Filter>
    </ClInclude>
    <ClInclude Include="..\modules\darknet\src\gru_layer.h">
      <Filter>lib</Filter>
    </ClInclude>
    <ClInclude Include="..\modules\darknet\src\im2col.h">
      <Filter>lib</Filter>
    </ClInclude>
    <ClInclude Include="..\modules\darknet\src\image.h">
      <Filter>lib</Filter>
    </ClInclude>
    <ClInclude Include="..\modules\darknet\src\layer.h">
      <Filter>lib</Filter>
    </ClInclude>
    <ClInclude Include="..\modules\darknet\src\list.h">
      <Filter>lib</Filter>
    </ClInclude>
    <ClInclude Include="..\modules\darknet\src\local_layer.h">
      <Filter>lib</Filter>
    </ClInclude>
    <ClInclude Include="..\modules\darknet\src\matrix.h">
      <Filter>lib</Filter>
    </ClInclude>
    <ClInclude Include="..\modules\darknet\src\maxpool_layer.h">
      <Filter>lib</Filter>
    </ClInclude>
    <ClInclude Include="..\modules\darknet\src\network.h">
      <Filter>lib</Filter>
    </ClInclude>
    <ClInclude Include="..\modules\darknet\src\normalization_layer.h">
      <Filter>lib</Filter>
    </ClInclude>
    <ClInclude Include="..\modules\darknet\src\option_list.h">
      <Filter>lib</Filter>
    </ClInclude>
    <ClInclude Include="..\modules\darknet\src\parser.h">
      <Filter>lib</Filter>
    </ClInclude>
    <ClInclude Include="..\modules\darknet\src\region_layer.h">
      <Filter>lib</Filter>
    </ClInclude>
    <ClInclude Include="..\modules\darknet\src\reorg_layer.h">
      <Filter>lib</Filter>
    </ClInclude>
    <ClInclude Include="..\modules\darknet\src\rnn_layer.h">
      <Filter>lib</Filter>
    </ClInclude>
    <ClInclude Include="..\modules\darknet\src\route_layer.h">
      <Filter>lib</Filter>
    </ClInclude>
    <ClInclude Include="..\modules\darknet\src\shortcut_layer.h">
      <Filter>lib</Filter>
    </ClInclude>
    <ClInclude Include="..\modules\darknet\src\softmax_layer.h">
      <Filter>lib</Filter>
    </ClInclude>
    <ClInclude Include="..\modules\darknet\src\stb_image.h">
      <Filter>lib</Filter>
    </ClInclude>
    <ClInclude Include="..\modules\darknet\src\stb_image_write.h">
      <Filter>lib</Filter>
    </ClInclude>
    <ClInclude Include="..\modules\darknet\src\tree.h">
      <Filter>lib</Filter>
    </ClInclude>
    <ClInclude Include="..\modules\darknet\src\unistd.h">
      <Filter>lib</Filter>
    </ClInclude>
    <ClInclude Include="..\modules\darknet\src\utils.h">
      <Filter>lib</Filter>
    </ClInclude>
    <ClInclude Include="..\modules\darknet\src\yolo_v2_class.hpp">
      <Filter>examples</Filter>
    </ClInclude>
    <ClInclude Include="..\modules\darknet\src\demo.h">
      <Filter>examples</Filter>
    </ClInclude>
    <ClInclude Include="..\modules\darknet\src\classifier.h">
      <Filter>examples</Filter>
    </ClInclude>
    <ClInclude Include="..\modules\darknet\src\upsample_layer.h">
      <Filter>lib</Filter>
    </ClInclude>
    <ClInclude Include="..\modules\darknet\src\reorg_old_layer.h">
      <Filter>lib</Filter>
    </ClInclude>
    <ClInclude Include="..\modules\darknet\src\dark_cuda.h">
      <Filter>cuda</Filter>
    </ClInclude>
    <ClInclude Include="..\modules\darknet\src\sam_layer.h">
      <Filter>lib</Filter>
    </ClInclude>
    <ClInclude Include="..\modules\darknet\src\gaussian_yolo_layer.h">
      <Filter>lib</Filter>
    </ClInclude>
  </ItemGroup>
  <ItemGroup>
    <Filter Include="lib">
      <UniqueIdentifier>{7b9a6793-c7a1-410e-ac5e-9482b52d0544}</UniqueIdentifier>
      <Extensions>*.cuda</Extensions>
    </Filter>
    <Filter Include="cuda">
      <UniqueIdentifier>{33713850-96e3-4360-998f-459643c8c786}</UniqueIdentifier>
    </Filter>
    <Filter Include="examples">
      <UniqueIdentifier>{796035d7-46e0-47cd-88fd-1802b1a1a01c}</UniqueIdentifier>
    </Filter>
  </ItemGroup>
</Project>